
Microsoft Visual Studio Solution File, Format Version 12.00
# Visual Studio Version 17
VisualStudioVersion = 17.7.34003.232
MinimumVisualStudioVersion = 10.0.40219.1
Project("{2150E333-8FDC-42A3-9474-1A3956D46DE8}") = "N36", "N36", "{05009F6B-F34C-495C-B241-075C8881D410}"
EndProject
Project("{2150E333-8FDC-42A3-9474-1A3956D46DE8}") = "Tasks", "Tasks", "{E7AF81B4-8824-4023-A387-0531CA3FBEBB}"
EndProject
Project("{2150E333-8FDC-42A3-9474-1A3956D46DE8}") = "HomeTasks", "HomeTasks", "{628233C8-FC0B-49FB-A369-BC68ED92E5DE}"
EndProject
Project("{9A19103F-16F7-4668-BE54-9A1E7A4F7556}") = "N36Task1", "N36Task1\N36Task1.csproj", "{82E8F2E8-B19B-4712-90CA-487517E68758}"
EndProject
Project("{2150E333-8FDC-42A3-9474-1A3956D46DE8}") = "N37", "N37", "{7EDC57F9-CC47-40E6-8D03-AC5D4F1E486A}"
EndProject
Project("{2150E333-8FDC-42A3-9474-1A3956D46DE8}") = "Tasks", "Tasks", "{85FFB75B-2698-45E1-9DB0-492049323883}"
EndProject
Project("{9A19103F-16F7-4668-BE54-9A1E7A4F7556}") = "N37Task1", "N37Task1\N37Task1.csproj", "{5045CD7E-1062-499A-9445-FBCF8D1D3E7A}"
EndProject
Project("{9A19103F-16F7-4668-BE54-9A1E7A4F7556}") = "N36HomeTask1", "N36HomeTask1\N36HomeTask1.csproj", "{F9397219-07AC-4A64-B52C-C3227B9D52F7}"
EndProject
Project("{9A19103F-16F7-4668-BE54-9A1E7A4F7556}") = "N36HomeTask2", "N36HomeTask2\N36HomeTask2.csproj", "{20F9D847-70FB-49C6-A2C9-8C5D7ED667B3}"
EndProject
Project("{2150E333-8FDC-42A3-9474-1A3956D46DE8}") = "HomeTasks", "HomeTasks", "{BD66FCDC-4C98-46D5-A5D2-038813F99252}"
EndProject
Project("{9A19103F-16F7-4668-BE54-9A1E7A4F7556}") = "N37Home1", "N37Home1\N37Home1.csproj", "{43201143-B6A2-48F1-B622-05E8BE7B4E36}"
EndProject
Project("{2150E333-8FDC-42A3-9474-1A3956D46DE8}") = "N38", "N38", "{BF723B5E-B8EF-4DC5-AC4C-000F8BEBE160}"
EndProject
Project("{2150E333-8FDC-42A3-9474-1A3956D46DE8}") = "Tasks", "Tasks", "{C21F1194-E369-41D7-9FC8-BF8A24B9F2CE}"
EndProject
Project("{9A19103F-16F7-4668-BE54-9A1E7A4F7556}") = "N38Task1", "N38Task1\N38Task1.csproj", "{398D3A36-D7D1-4857-9105-67970D192533}"
EndProject
Project("{2150E333-8FDC-42A3-9474-1A3956D46DE8}") = "N39", "N39", "{99C7E8CB-3A15-4B0D-B204-75ECC6BE6173}"
EndProject
Project("{2150E333-8FDC-42A3-9474-1A3956D46DE8}") = "Tasks", "Tasks", "{1CD795A8-56D3-4C2E-BFD3-BE4943142AAB}"
EndProject
Project("{9A19103F-16F7-4668-BE54-9A1E7A4F7556}") = "N39Task1", "N39Task1\N39Task1.csproj", "{9EDA4B18-C39F-48B5-B547-F667A81FF2F9}"
EndProject
Project("{2150E333-8FDC-42A3-9474-1A3956D46DE8}") = "N40", "N40", "{5C1815F8-E798-483C-92B5-C8717E8898C0}"
EndProject
Project("{2150E333-8FDC-42A3-9474-1A3956D46DE8}") = "Tasks", "Tasks", "{192E9F49-25BC-4BD9-9A98-1ADF2BFB83FD}"
EndProject
Project("{9A19103F-16F7-4668-BE54-9A1E7A4F7556}") = "N40Task1", "N40Task1\N40Task1.csproj", "{05F1ADD3-91C9-4DDD-BDC6-D36EC979D329}"
EndProject
Project("{2150E333-8FDC-42A3-9474-1A3956D46DE8}") = "HomeTasks", "HomeTasks", "{D5A71141-8130-4F1E-95B1-F413AE6B7D81}"
EndProject
Project("{9A19103F-16F7-4668-BE54-9A1E7A4F7556}") = "N39Home2", "N39Home2\N39Home2.csproj", "{72FC40AA-EDCB-4873-9890-9E409D9D3841}"
EndProject
Project("{2150E333-8FDC-42A3-9474-1A3956D46DE8}") = "HomeTasks", "HomeTasks", "{C199C630-ABB3-4C8C-B16E-47196FDCCD60}"
EndProject
Project("{9A19103F-16F7-4668-BE54-9A1E7A4F7556}") = "N38Home1", "N38Home1\N38Home1.csproj", "{C6FD465D-6078-4AC5-BBB4-2234DCB84BAB}"
EndProject
Project("{9A19103F-16F7-4668-BE54-9A1E7A4F7556}") = "N38Home2", "N38Home2\N38Home2.csproj", "{A32CBDBC-3F39-40DE-B9CC-951DD3DDBF7D}"
EndProject
Project("{2150E333-8FDC-42A3-9474-1A3956D46DE8}") = "N41", "N41", "{85D59713-5E3B-42C6-8B78-381D499E5495}"
EndProject
Project("{2150E333-8FDC-42A3-9474-1A3956D46DE8}") = "Tasks", "Tasks", "{8027AC0C-2528-4F4D-905D-1FA8773AAD94}"
EndProject
Project("{9A19103F-16F7-4668-BE54-9A1E7A4F7556}") = "N41Task1", "N41Task1\N41Task1.csproj", "{335BCC6F-F14A-4602-913E-FA218D2966B0}"
EndProject
Project("{2150E333-8FDC-42A3-9474-1A3956D46DE8}") = "N42", "N42", "{341551A1-4C7C-4C98-9148-1CDEC00BA823}"
EndProject
Project("{2150E333-8FDC-42A3-9474-1A3956D46DE8}") = "Tasks", "Tasks", "{A03DA24C-663D-4F42-A70C-51758139E25E}"
EndProject
Project("{9A19103F-16F7-4668-BE54-9A1E7A4F7556}") = "N42Task1", "N42Task1\N42Task1.csproj", "{DE5013AE-9A2E-43BE-91C3-F3008B468435}"
EndProject
Project("{9A19103F-16F7-4668-BE54-9A1E7A4F7556}") = "N42Task2", "N42Task2\N42Task2.csproj", "{4D418EC7-748A-4B8F-B70A-3CBF903353D3}"
EndProject
Project("{2150E333-8FDC-42A3-9474-1A3956D46DE8}") = "N43", "N43", "{809E7E25-207B-47FC-AD86-524BFD29FFB2}"
EndProject
Project("{2150E333-8FDC-42A3-9474-1A3956D46DE8}") = "Tasks", "Tasks", "{C952130F-09D0-455E-A634-7A57E69027BD}"
EndProject
Project("{9A19103F-16F7-4668-BE54-9A1E7A4F7556}") = "N43Task1", "N43Task1\N43Task1.csproj", "{19EA435A-831A-4139-9BD5-D4CD59209E90}"
EndProject
Project("{2150E333-8FDC-42A3-9474-1A3956D46DE8}") = "HomeTasks", "HomeTasks", "{FE581600-2AEB-40E7-992E-981100FA4EF9}"
EndProject
Project("{9A19103F-16F7-4668-BE54-9A1E7A4F7556}") = "N41Home1", "N41Home1\N41Home1.csproj", "{F81E7432-6410-4A98-ACE9-08A1A863262E}"
EndProject
Project("{9A19103F-16F7-4668-BE54-9A1E7A4F7556}") = "ImtixonKeep", "ImtixonKeep\ImtixonKeep.csproj", "{B3562191-59E6-4EBA-8EE2-A0365FA1B05D}"
EndProject
Project("{2150E333-8FDC-42A3-9474-1A3956D46DE8}") = "N44", "N44", "{327FCF69-0CD6-4395-9B87-FB4E9ED4E87F}"
EndProject
Project("{2150E333-8FDC-42A3-9474-1A3956D46DE8}") = "Tasks", "Tasks", "{A822BF4D-C099-4C50-8E05-9E3C743A2275}"
EndProject
Project("{9A19103F-16F7-4668-BE54-9A1E7A4F7556}") = "N44Task1", "N44Task1\N44Task1.csproj", "{71B7A53D-42BE-4FDF-8248-DF4B3B22A96C}"
EndProject
Project("{2150E333-8FDC-42A3-9474-1A3956D46DE8}") = "HomeTask", "HomeTask", "{B9EA08F3-3C04-45F9-82BC-078176D1AE04}"
EndProject
Project("{9A19103F-16F7-4668-BE54-9A1E7A4F7556}") = "N43Home1", "N43Home1\N43Home1.csproj", "{D174A9EF-83FC-43EE-8269-01B148123353}"
EndProject
Project("{2150E333-8FDC-42A3-9474-1A3956D46DE8}") = "HomeTasks", "HomeTasks", "{9D13287A-DEE9-42F4-8324-90DE19D76619}"
EndProject
Project("{9A19103F-16F7-4668-BE54-9A1E7A4F7556}") = "N44Home2", "N44Home1\N44Home2.csproj", "{74B440ED-60EC-405D-A305-F78230AB28D6}"
EndProject
Project("{2150E333-8FDC-42A3-9474-1A3956D46DE8}") = "N46", "N46", "{FD1B8E90-E1FE-40E5-B42B-B78716C23F63}"
EndProject
Project("{2150E333-8FDC-42A3-9474-1A3956D46DE8}") = "Tasks", "Tasks", "{827DC999-36C2-4B72-9F81-904ED945FE13}"
EndProject
Project("{9A19103F-16F7-4668-BE54-9A1E7A4F7556}") = "N46Task1", "N46Task1\N46Task1.csproj", "{6E17305C-A41A-4427-986F-83760EFFC4AB}"
EndProject
Project("{2150E333-8FDC-42A3-9474-1A3956D46DE8}") = "N47", "N47", "{677CAFFF-B29C-4BE6-8600-DCE9EB096D47}"
EndProject
Project("{2150E333-8FDC-42A3-9474-1A3956D46DE8}") = "Tasks", "Tasks", "{344BEABD-F493-4434-AFC4-2059737AA12B}"
EndProject
Project("{9A19103F-16F7-4668-BE54-9A1E7A4F7556}") = "IntroA.Api", "IntroA.Api\IntroA.Api.csproj", "{0CD190A9-6982-488C-8F0A-BC668D9C6D65}"
EndProject
Project("{2150E333-8FDC-42A3-9474-1A3956D46DE8}") = "N48", "N48", "{E9D6FF54-5D20-4FB2-9B78-98ED5D16A562}"
EndProject
Project("{2150E333-8FDC-42A3-9474-1A3956D46DE8}") = "HomeTasks", "HomeTasks", "{34866B69-DEE6-4057-82A9-0601A1E8EAA7}"
EndProject
Project("{9A19103F-16F7-4668-BE54-9A1E7A4F7556}") = "IntroB.Api", "IntroB.Api\IntroB.Api.csproj", "{2725F92F-E0B7-4225-ADA4-835A4906C0EB}"
EndProject
Project("{2150E333-8FDC-42A3-9474-1A3956D46DE8}") = "N50", "N50", "{6508B2B1-6EF5-44E2-8834-BA9D944A50E4}"
EndProject
Project("{2150E333-8FDC-42A3-9474-1A3956D46DE8}") = "HomeTasks", "HomeTasks", "{C2BC2D93-0C95-4B09-9C3B-AB8A25D76B39}"
EndProject
Project("{2150E333-8FDC-42A3-9474-1A3956D46DE8}") = "N52", "N52", "{6688A9F9-F0D2-4C34-A887-70FAF5438F92}"
EndProject
Project("{2150E333-8FDC-42A3-9474-1A3956D46DE8}") = "Tasks", "Tasks", "{46CF9307-C85C-42B4-AC04-5FE5634B948D}"
EndProject
Project("{9A19103F-16F7-4668-BE54-9A1E7A4F7556}") = "N52Task1", "N52Task1\N52Task1.csproj", "{28BE3F44-1088-48F9-A9AE-CE6C5C3E449B}"
EndProject
Project("{2150E333-8FDC-42A3-9474-1A3956D46DE8}") = "HomeTasks", "HomeTasks", "{82131143-675B-43ED-B57A-8DE948A9A778}"
EndProject
Project("{9A19103F-16F7-4668-BE54-9A1E7A4F7556}") = "N52Home1", "N52Home1\N52Home1.csproj", "{5C067874-9F6B-4977-AF04-86B1C0A86885}"
EndProject
Project("{2150E333-8FDC-42A3-9474-1A3956D46DE8}") = "N53", "N53", "{5022DC44-FAF0-44A6-95BC-2C7E2961857B}"
EndProject
Project("{2150E333-8FDC-42A3-9474-1A3956D46DE8}") = "Tasks", "Tasks", "{7965CCD6-9ECA-47BC-8E96-00F3D713384C}"
EndProject
Project("{9A19103F-16F7-4668-BE54-9A1E7A4F7556}") = "N53-Task1", "N53-Task1\N53-Task1.csproj", "{151EC409-B4A2-4508-AB65-865DC613D0AD}"
EndProject
Project("{2150E333-8FDC-42A3-9474-1A3956D46DE8}") = "N51", "N51", "{C9CC821C-99B1-496E-A5BE-4291E8C689F8}"
EndProject
Project("{2150E333-8FDC-42A3-9474-1A3956D46DE8}") = "HomeTasks", "HomeTasks", "{FFF978F2-CB79-4A2D-9EA7-855966F98B6B}"
EndProject
Project("{9A19103F-16F7-4668-BE54-9A1E7A4F7556}") = "N51Home.Api", "N53\N51Home.Api.csproj", "{15065381-E589-496E-9632-75E26D2A1905}"
EndProject
Project("{9A19103F-16F7-4668-BE54-9A1E7A4F7556}") = "N48Home.Api", "N48Home.Api\N48Home.Api.csproj", "{DD642005-C8DC-456B-8D6D-28DE64DD1728}"
EndProject
Project("{9A19103F-16F7-4668-BE54-9A1E7A4F7556}") = "N50Home.Api", "N50Home.Api\N50Home.Api.csproj", "{F25B69A9-E8A6-4F2E-ACA2-9D1C93681054}"
EndProject
Project("{2150E333-8FDC-42A3-9474-1A3956D46DE8}") = "N54", "N54", "{F245D22E-8974-4E21-8FBB-191B59308ED9}"
EndProject
Project("{2150E333-8FDC-42A3-9474-1A3956D46DE8}") = "N55", "N55", "{8F0643EB-23CB-4E9D-B3CB-783FC3D74BE3}"
EndProject
Project("{2150E333-8FDC-42A3-9474-1A3956D46DE8}") = "N56", "N56", "{13D6E748-7449-496B-8D76-DFA31BA3177C}"
EndProject
Project("{2150E333-8FDC-42A3-9474-1A3956D46DE8}") = "HomeTasks", "HomeTasks", "{CE4EFB29-D868-4A57-A32E-FE4238C3C6B4}"
EndProject
Project("{2150E333-8FDC-42A3-9474-1A3956D46DE8}") = "HomeTasks", "HomeTasks", "{E18224F7-4F02-425C-8C55-61D18D11400C}"
EndProject
Project("{2150E333-8FDC-42A3-9474-1A3956D46DE8}") = "HomeTasks", "HomeTasks", "{DBFD4F0B-27FB-401B-A366-08602E92C264}"
EndProject
Project("{9A19103F-16F7-4668-BE54-9A1E7A4F7556}") = "N55Home", "N55Home\N55Home.csproj", "{D2208476-FE08-431F-8D6A-8992BE09F6FA}"
EndProject
Project("{2150E333-8FDC-42A3-9474-1A3956D46DE8}") = "N57", "N57", "{7AD09527-C2B6-4C5B-BCBD-165232CCE66B}"
EndProject
Project("{2150E333-8FDC-42A3-9474-1A3956D46DE8}") = "Tasks", "Tasks", "{DBADE258-9555-441A-9A1E-B6E083C93878}"
EndProject
Project("{9A19103F-16F7-4668-BE54-9A1E7A4F7556}") = "N57Task1.Api", "N57Task1.Api\N57Task1.Api.csproj", "{ECE2100B-9399-4892-9886-238574BD0C5C}"
EndProject
Project("{9A19103F-16F7-4668-BE54-9A1E7A4F7556}") = "N56Home", "N56Home\N56Home.csproj", "{E41A8BB2-E918-4EF4-8A50-01CF0865EEA8}"
EndProject
Project("{2150E333-8FDC-42A3-9474-1A3956D46DE8}") = "N58", "N58", "{F7CB0FAB-DE7D-4FF7-BCA3-4337B94A8943}"
EndProject
Project("{2150E333-8FDC-42A3-9474-1A3956D46DE8}") = "Tasks", "Tasks", "{E373196D-E67C-4764-97DB-951364CA79A4}"
EndProject
Project("{2150E333-8FDC-42A3-9474-1A3956D46DE8}") = "N59", "N59", "{28A65155-C7D0-4382-9A8B-0E57F17C8C93}"
EndProject
Project("{2150E333-8FDC-42A3-9474-1A3956D46DE8}") = "Tasks", "Tasks", "{A60BD5EA-320B-4005-8414-FC4FFFF55945}"
EndProject
Project("{9A19103F-16F7-4668-BE54-9A1E7A4F7556}") = "N59Task.Api", "N59Task.Api\N59Task.Api.csproj", "{DB7EB467-9176-48F3-8C62-2979537E45E1}"
EndProject
Project("{2150E333-8FDC-42A3-9474-1A3956D46DE8}") = "N60", "N60", "{14AA11DC-9B77-4B17-9F5F-BAE8C51B3091}"
EndProject
Project("{2150E333-8FDC-42A3-9474-1A3956D46DE8}") = "Tasks", "Tasks", "{A4BB968A-2567-4A88-A988-89646C23C448}"
EndProject
Project("{2150E333-8FDC-42A3-9474-1A3956D46DE8}") = "HomeTasks", "HomeTasks", "{7873E26D-5FB5-499E-B38B-ECC84B594C9C}"
EndProject
Project("{9A19103F-16F7-4668-BE54-9A1E7A4F7556}") = "N60Task1.Api", "N60Task1.Api\N60Task1.Api.csproj", "{F00266AD-8434-452C-8639-E5BB2808AB55}"
EndProject
Project("{2150E333-8FDC-42A3-9474-1A3956D46DE8}") = "N62", "N62", "{FDDABEAA-7C49-4F52-8A28-5977F2EBE167}"
EndProject
Project("{2150E333-8FDC-42A3-9474-1A3956D46DE8}") = "Tasks", "Tasks", "{0493522B-8EF5-4E34-9E33-A3473A292CA7}"
EndProject
Project("{9A19103F-16F7-4668-BE54-9A1E7A4F7556}") = "N62Task", "N62Task\N62Task.csproj", "{A00D368E-7BF9-4F0D-8F95-F05194B14394}"
EndProject
Project("{9A19103F-16F7-4668-BE54-9A1E7A4F7556}") = "N62Task.Api", "N62Task.Api\N62Task.Api.csproj", "{D5093FAB-D5CC-44DA-BA17-CBB890B1A3B4}"
EndProject
Project("{2150E333-8FDC-42A3-9474-1A3956D46DE8}") = "HomeTasks", "HomeTasks", "{AFEA53D1-7808-4FDC-AAD1-805016A9FD95}"
EndProject
Project("{9A19103F-16F7-4668-BE54-9A1E7A4F7556}") = "N62Home1", "N62Home1\N62Home1.csproj", "{744EE7EB-2200-4C0A-BB7C-D9904E581173}"
EndProject
Project("{2150E333-8FDC-42A3-9474-1A3956D46DE8}") = "HomeTasks", "HomeTasks", "{F81B013B-6BAD-46EB-8CCB-061A9E5ED24C}"
EndProject
Project("{9A19103F-16F7-4668-BE54-9A1E7A4F7556}") = "N58Home.Api", "N58Home.Api\N58Home.Api.csproj", "{6C97AE69-8639-4689-AA80-0DD520056CCB}"
EndProject
Project("{2150E333-8FDC-42A3-9474-1A3956D46DE8}") = "N63", "N63", "{6FD365B8-8518-43AA-8F9F-3B36105F9265}"
EndProject
Project("{2150E333-8FDC-42A3-9474-1A3956D46DE8}") = "Tasks", "Tasks", "{7DEAD031-7E0B-4B35-86F5-A0EB47519EFF}"
EndProject
Project("{9A19103F-16F7-4668-BE54-9A1E7A4F7556}") = "N63Task.Api", "N63Task.Api\N63Task.Api.csproj", "{0B9BEB59-F501-41A6-9C8F-9113C1091558}"
EndProject
Project("{9A19103F-16F7-4668-BE54-9A1E7A4F7556}") = "N63Task1.Api", "N63Task1.Api\N63Task1.Api.csproj", "{4FEB7DDD-755C-4074-8617-149F30FDC4C3}"
EndProject
Project("{2150E333-8FDC-42A3-9474-1A3956D46DE8}") = "N64", "N64", "{318803DF-6978-46E9-A139-BB14E806B855}"
EndProject
Project("{2150E333-8FDC-42A3-9474-1A3956D46DE8}") = "Tasks", "Tasks", "{1283933E-6DB2-4D56-81E2-07825F8B2FC9}"
EndProject
Project("{2150E333-8FDC-42A3-9474-1A3956D46DE8}") = "Identity", "Identity", "{F10E951C-AAE2-4CEA-BB14-120C08036ADD}"
EndProject
Project("{9A19103F-16F7-4668-BE54-9A1E7A4F7556}") = "N64_Identity.Domain", "N64_Identity.Domain\N64_Identity.Domain.csproj", "{5E2949D1-8969-4F05-BADB-AD6E5E6EB4B8}"
EndProject
Project("{9A19103F-16F7-4668-BE54-9A1E7A4F7556}") = "N64_Identity.Application", "N64_Identity.Application\N64_Identity.Application.csproj", "{B36CF15A-E9AC-4E10-B65D-74AE083D9DB6}"
EndProject
Project("{9A19103F-16F7-4668-BE54-9A1E7A4F7556}") = "N64_Identity.Infrastructure", "N64_Identity.Infrastructure\N64_Identity.Infrastructure.csproj", "{D57501E2-5AE1-4556-A5F3-18CA569ADF8E}"
EndProject
Project("{9A19103F-16F7-4668-BE54-9A1E7A4F7556}") = "N64_Identity.Persistence", "N64_Identity.Persistence\N64_Identity.Persistence.csproj", "{D33B5A24-A4C9-4C7B-83B5-1EEF1311964E}"
EndProject
Project("{9A19103F-16F7-4668-BE54-9A1E7A4F7556}") = "N64_Identity.Api", "N64_Identity.Api\N64_Identity.Api.csproj", "{22752DFB-961A-4178-86D1-A8B4829B7BED}"
EndProject
Project("{2150E333-8FDC-42A3-9474-1A3956D46DE8}") = "HomeTasks", "HomeTasks", "{78B0FB4B-7077-4EC5-AEA9-954023E1727C}"
EndProject
Project("{FAE04EC0-301F-11D3-BF4B-00C04F79EFBC}") = "N63Home_FileUpload.Api", "N63Home_FileUpload.Api\N63Home_FileUpload.Api.csproj", "{FFFD8C43-BA14-4375-862E-8F2318A89A1F}"
EndProject
Global
	GlobalSection(SolutionConfigurationPlatforms) = preSolution
		Debug|Any CPU = Debug|Any CPU
		Release|Any CPU = Release|Any CPU
	EndGlobalSection
	GlobalSection(ProjectConfigurationPlatforms) = postSolution
		{82E8F2E8-B19B-4712-90CA-487517E68758}.Debug|Any CPU.ActiveCfg = Debug|Any CPU
		{82E8F2E8-B19B-4712-90CA-487517E68758}.Debug|Any CPU.Build.0 = Debug|Any CPU
		{82E8F2E8-B19B-4712-90CA-487517E68758}.Release|Any CPU.ActiveCfg = Release|Any CPU
		{82E8F2E8-B19B-4712-90CA-487517E68758}.Release|Any CPU.Build.0 = Release|Any CPU
		{5045CD7E-1062-499A-9445-FBCF8D1D3E7A}.Debug|Any CPU.ActiveCfg = Debug|Any CPU
		{5045CD7E-1062-499A-9445-FBCF8D1D3E7A}.Debug|Any CPU.Build.0 = Debug|Any CPU
		{5045CD7E-1062-499A-9445-FBCF8D1D3E7A}.Release|Any CPU.ActiveCfg = Release|Any CPU
		{5045CD7E-1062-499A-9445-FBCF8D1D3E7A}.Release|Any CPU.Build.0 = Release|Any CPU
		{F9397219-07AC-4A64-B52C-C3227B9D52F7}.Debug|Any CPU.ActiveCfg = Debug|Any CPU
		{F9397219-07AC-4A64-B52C-C3227B9D52F7}.Debug|Any CPU.Build.0 = Debug|Any CPU
		{F9397219-07AC-4A64-B52C-C3227B9D52F7}.Release|Any CPU.ActiveCfg = Release|Any CPU
		{F9397219-07AC-4A64-B52C-C3227B9D52F7}.Release|Any CPU.Build.0 = Release|Any CPU
		{20F9D847-70FB-49C6-A2C9-8C5D7ED667B3}.Debug|Any CPU.ActiveCfg = Debug|Any CPU
		{20F9D847-70FB-49C6-A2C9-8C5D7ED667B3}.Debug|Any CPU.Build.0 = Debug|Any CPU
		{20F9D847-70FB-49C6-A2C9-8C5D7ED667B3}.Release|Any CPU.ActiveCfg = Release|Any CPU
		{20F9D847-70FB-49C6-A2C9-8C5D7ED667B3}.Release|Any CPU.Build.0 = Release|Any CPU
		{43201143-B6A2-48F1-B622-05E8BE7B4E36}.Debug|Any CPU.ActiveCfg = Debug|Any CPU
		{43201143-B6A2-48F1-B622-05E8BE7B4E36}.Debug|Any CPU.Build.0 = Debug|Any CPU
		{43201143-B6A2-48F1-B622-05E8BE7B4E36}.Release|Any CPU.ActiveCfg = Release|Any CPU
		{43201143-B6A2-48F1-B622-05E8BE7B4E36}.Release|Any CPU.Build.0 = Release|Any CPU
		{398D3A36-D7D1-4857-9105-67970D192533}.Debug|Any CPU.ActiveCfg = Debug|Any CPU
		{398D3A36-D7D1-4857-9105-67970D192533}.Debug|Any CPU.Build.0 = Debug|Any CPU
		{398D3A36-D7D1-4857-9105-67970D192533}.Release|Any CPU.ActiveCfg = Release|Any CPU
		{398D3A36-D7D1-4857-9105-67970D192533}.Release|Any CPU.Build.0 = Release|Any CPU
		{9EDA4B18-C39F-48B5-B547-F667A81FF2F9}.Debug|Any CPU.ActiveCfg = Debug|Any CPU
		{9EDA4B18-C39F-48B5-B547-F667A81FF2F9}.Debug|Any CPU.Build.0 = Debug|Any CPU
		{9EDA4B18-C39F-48B5-B547-F667A81FF2F9}.Release|Any CPU.ActiveCfg = Release|Any CPU
		{9EDA4B18-C39F-48B5-B547-F667A81FF2F9}.Release|Any CPU.Build.0 = Release|Any CPU
		{05F1ADD3-91C9-4DDD-BDC6-D36EC979D329}.Debug|Any CPU.ActiveCfg = Debug|Any CPU
		{05F1ADD3-91C9-4DDD-BDC6-D36EC979D329}.Debug|Any CPU.Build.0 = Debug|Any CPU
		{05F1ADD3-91C9-4DDD-BDC6-D36EC979D329}.Release|Any CPU.ActiveCfg = Release|Any CPU
		{05F1ADD3-91C9-4DDD-BDC6-D36EC979D329}.Release|Any CPU.Build.0 = Release|Any CPU
		{72FC40AA-EDCB-4873-9890-9E409D9D3841}.Debug|Any CPU.ActiveCfg = Debug|Any CPU
		{72FC40AA-EDCB-4873-9890-9E409D9D3841}.Debug|Any CPU.Build.0 = Debug|Any CPU
		{72FC40AA-EDCB-4873-9890-9E409D9D3841}.Release|Any CPU.ActiveCfg = Release|Any CPU
		{72FC40AA-EDCB-4873-9890-9E409D9D3841}.Release|Any CPU.Build.0 = Release|Any CPU
		{C6FD465D-6078-4AC5-BBB4-2234DCB84BAB}.Debug|Any CPU.ActiveCfg = Debug|Any CPU
		{C6FD465D-6078-4AC5-BBB4-2234DCB84BAB}.Debug|Any CPU.Build.0 = Debug|Any CPU
		{C6FD465D-6078-4AC5-BBB4-2234DCB84BAB}.Release|Any CPU.ActiveCfg = Release|Any CPU
		{C6FD465D-6078-4AC5-BBB4-2234DCB84BAB}.Release|Any CPU.Build.0 = Release|Any CPU
		{A32CBDBC-3F39-40DE-B9CC-951DD3DDBF7D}.Debug|Any CPU.ActiveCfg = Debug|Any CPU
		{A32CBDBC-3F39-40DE-B9CC-951DD3DDBF7D}.Debug|Any CPU.Build.0 = Debug|Any CPU
		{A32CBDBC-3F39-40DE-B9CC-951DD3DDBF7D}.Release|Any CPU.ActiveCfg = Release|Any CPU
		{A32CBDBC-3F39-40DE-B9CC-951DD3DDBF7D}.Release|Any CPU.Build.0 = Release|Any CPU
		{335BCC6F-F14A-4602-913E-FA218D2966B0}.Debug|Any CPU.ActiveCfg = Debug|Any CPU
		{335BCC6F-F14A-4602-913E-FA218D2966B0}.Debug|Any CPU.Build.0 = Debug|Any CPU
		{335BCC6F-F14A-4602-913E-FA218D2966B0}.Release|Any CPU.ActiveCfg = Release|Any CPU
		{335BCC6F-F14A-4602-913E-FA218D2966B0}.Release|Any CPU.Build.0 = Release|Any CPU
		{DE5013AE-9A2E-43BE-91C3-F3008B468435}.Debug|Any CPU.ActiveCfg = Debug|Any CPU
		{DE5013AE-9A2E-43BE-91C3-F3008B468435}.Debug|Any CPU.Build.0 = Debug|Any CPU
		{DE5013AE-9A2E-43BE-91C3-F3008B468435}.Release|Any CPU.ActiveCfg = Release|Any CPU
		{DE5013AE-9A2E-43BE-91C3-F3008B468435}.Release|Any CPU.Build.0 = Release|Any CPU
		{4D418EC7-748A-4B8F-B70A-3CBF903353D3}.Debug|Any CPU.ActiveCfg = Debug|Any CPU
		{4D418EC7-748A-4B8F-B70A-3CBF903353D3}.Debug|Any CPU.Build.0 = Debug|Any CPU
		{4D418EC7-748A-4B8F-B70A-3CBF903353D3}.Release|Any CPU.ActiveCfg = Release|Any CPU
		{4D418EC7-748A-4B8F-B70A-3CBF903353D3}.Release|Any CPU.Build.0 = Release|Any CPU
		{19EA435A-831A-4139-9BD5-D4CD59209E90}.Debug|Any CPU.ActiveCfg = Debug|Any CPU
		{19EA435A-831A-4139-9BD5-D4CD59209E90}.Debug|Any CPU.Build.0 = Debug|Any CPU
		{19EA435A-831A-4139-9BD5-D4CD59209E90}.Release|Any CPU.ActiveCfg = Release|Any CPU
		{19EA435A-831A-4139-9BD5-D4CD59209E90}.Release|Any CPU.Build.0 = Release|Any CPU
		{F81E7432-6410-4A98-ACE9-08A1A863262E}.Debug|Any CPU.ActiveCfg = Debug|Any CPU
		{F81E7432-6410-4A98-ACE9-08A1A863262E}.Debug|Any CPU.Build.0 = Debug|Any CPU
		{F81E7432-6410-4A98-ACE9-08A1A863262E}.Release|Any CPU.ActiveCfg = Release|Any CPU
		{F81E7432-6410-4A98-ACE9-08A1A863262E}.Release|Any CPU.Build.0 = Release|Any CPU
		{B3562191-59E6-4EBA-8EE2-A0365FA1B05D}.Debug|Any CPU.ActiveCfg = Debug|Any CPU
		{B3562191-59E6-4EBA-8EE2-A0365FA1B05D}.Debug|Any CPU.Build.0 = Debug|Any CPU
		{B3562191-59E6-4EBA-8EE2-A0365FA1B05D}.Release|Any CPU.ActiveCfg = Release|Any CPU
		{B3562191-59E6-4EBA-8EE2-A0365FA1B05D}.Release|Any CPU.Build.0 = Release|Any CPU
		{71B7A53D-42BE-4FDF-8248-DF4B3B22A96C}.Debug|Any CPU.ActiveCfg = Debug|Any CPU
		{71B7A53D-42BE-4FDF-8248-DF4B3B22A96C}.Debug|Any CPU.Build.0 = Debug|Any CPU
		{71B7A53D-42BE-4FDF-8248-DF4B3B22A96C}.Release|Any CPU.ActiveCfg = Release|Any CPU
		{71B7A53D-42BE-4FDF-8248-DF4B3B22A96C}.Release|Any CPU.Build.0 = Release|Any CPU
		{D174A9EF-83FC-43EE-8269-01B148123353}.Debug|Any CPU.ActiveCfg = Debug|Any CPU
		{D174A9EF-83FC-43EE-8269-01B148123353}.Debug|Any CPU.Build.0 = Debug|Any CPU
		{D174A9EF-83FC-43EE-8269-01B148123353}.Release|Any CPU.ActiveCfg = Release|Any CPU
		{D174A9EF-83FC-43EE-8269-01B148123353}.Release|Any CPU.Build.0 = Release|Any CPU
		{74B440ED-60EC-405D-A305-F78230AB28D6}.Debug|Any CPU.ActiveCfg = Debug|Any CPU
		{74B440ED-60EC-405D-A305-F78230AB28D6}.Debug|Any CPU.Build.0 = Debug|Any CPU
		{74B440ED-60EC-405D-A305-F78230AB28D6}.Release|Any CPU.ActiveCfg = Release|Any CPU
		{74B440ED-60EC-405D-A305-F78230AB28D6}.Release|Any CPU.Build.0 = Release|Any CPU
		{6E17305C-A41A-4427-986F-83760EFFC4AB}.Debug|Any CPU.ActiveCfg = Debug|Any CPU
		{6E17305C-A41A-4427-986F-83760EFFC4AB}.Debug|Any CPU.Build.0 = Debug|Any CPU
		{6E17305C-A41A-4427-986F-83760EFFC4AB}.Release|Any CPU.ActiveCfg = Release|Any CPU
		{6E17305C-A41A-4427-986F-83760EFFC4AB}.Release|Any CPU.Build.0 = Release|Any CPU
		{0CD190A9-6982-488C-8F0A-BC668D9C6D65}.Debug|Any CPU.ActiveCfg = Debug|Any CPU
		{0CD190A9-6982-488C-8F0A-BC668D9C6D65}.Debug|Any CPU.Build.0 = Debug|Any CPU
		{0CD190A9-6982-488C-8F0A-BC668D9C6D65}.Release|Any CPU.ActiveCfg = Release|Any CPU
		{0CD190A9-6982-488C-8F0A-BC668D9C6D65}.Release|Any CPU.Build.0 = Release|Any CPU
		{2725F92F-E0B7-4225-ADA4-835A4906C0EB}.Debug|Any CPU.ActiveCfg = Debug|Any CPU
		{2725F92F-E0B7-4225-ADA4-835A4906C0EB}.Debug|Any CPU.Build.0 = Debug|Any CPU
		{2725F92F-E0B7-4225-ADA4-835A4906C0EB}.Release|Any CPU.ActiveCfg = Release|Any CPU
		{2725F92F-E0B7-4225-ADA4-835A4906C0EB}.Release|Any CPU.Build.0 = Release|Any CPU
		{28BE3F44-1088-48F9-A9AE-CE6C5C3E449B}.Debug|Any CPU.ActiveCfg = Debug|Any CPU
		{28BE3F44-1088-48F9-A9AE-CE6C5C3E449B}.Debug|Any CPU.Build.0 = Debug|Any CPU
		{28BE3F44-1088-48F9-A9AE-CE6C5C3E449B}.Release|Any CPU.ActiveCfg = Release|Any CPU
		{28BE3F44-1088-48F9-A9AE-CE6C5C3E449B}.Release|Any CPU.Build.0 = Release|Any CPU
		{5C067874-9F6B-4977-AF04-86B1C0A86885}.Debug|Any CPU.ActiveCfg = Debug|Any CPU
		{5C067874-9F6B-4977-AF04-86B1C0A86885}.Debug|Any CPU.Build.0 = Debug|Any CPU
		{5C067874-9F6B-4977-AF04-86B1C0A86885}.Release|Any CPU.ActiveCfg = Release|Any CPU
		{5C067874-9F6B-4977-AF04-86B1C0A86885}.Release|Any CPU.Build.0 = Release|Any CPU
		{151EC409-B4A2-4508-AB65-865DC613D0AD}.Debug|Any CPU.ActiveCfg = Debug|Any CPU
		{151EC409-B4A2-4508-AB65-865DC613D0AD}.Debug|Any CPU.Build.0 = Debug|Any CPU
		{151EC409-B4A2-4508-AB65-865DC613D0AD}.Release|Any CPU.ActiveCfg = Release|Any CPU
		{151EC409-B4A2-4508-AB65-865DC613D0AD}.Release|Any CPU.Build.0 = Release|Any CPU
		{15065381-E589-496E-9632-75E26D2A1905}.Debug|Any CPU.ActiveCfg = Debug|Any CPU
		{15065381-E589-496E-9632-75E26D2A1905}.Debug|Any CPU.Build.0 = Debug|Any CPU
		{15065381-E589-496E-9632-75E26D2A1905}.Release|Any CPU.ActiveCfg = Release|Any CPU
		{15065381-E589-496E-9632-75E26D2A1905}.Release|Any CPU.Build.0 = Release|Any CPU
		{DD642005-C8DC-456B-8D6D-28DE64DD1728}.Debug|Any CPU.ActiveCfg = Debug|Any CPU
		{DD642005-C8DC-456B-8D6D-28DE64DD1728}.Debug|Any CPU.Build.0 = Debug|Any CPU
		{DD642005-C8DC-456B-8D6D-28DE64DD1728}.Release|Any CPU.ActiveCfg = Release|Any CPU
		{DD642005-C8DC-456B-8D6D-28DE64DD1728}.Release|Any CPU.Build.0 = Release|Any CPU
		{F25B69A9-E8A6-4F2E-ACA2-9D1C93681054}.Debug|Any CPU.ActiveCfg = Debug|Any CPU
		{F25B69A9-E8A6-4F2E-ACA2-9D1C93681054}.Debug|Any CPU.Build.0 = Debug|Any CPU
		{F25B69A9-E8A6-4F2E-ACA2-9D1C93681054}.Release|Any CPU.ActiveCfg = Release|Any CPU
		{F25B69A9-E8A6-4F2E-ACA2-9D1C93681054}.Release|Any CPU.Build.0 = Release|Any CPU
		{D2208476-FE08-431F-8D6A-8992BE09F6FA}.Debug|Any CPU.ActiveCfg = Debug|Any CPU
		{D2208476-FE08-431F-8D6A-8992BE09F6FA}.Debug|Any CPU.Build.0 = Debug|Any CPU
		{D2208476-FE08-431F-8D6A-8992BE09F6FA}.Release|Any CPU.ActiveCfg = Release|Any CPU
		{D2208476-FE08-431F-8D6A-8992BE09F6FA}.Release|Any CPU.Build.0 = Release|Any CPU
		{ECE2100B-9399-4892-9886-238574BD0C5C}.Debug|Any CPU.ActiveCfg = Debug|Any CPU
		{ECE2100B-9399-4892-9886-238574BD0C5C}.Debug|Any CPU.Build.0 = Debug|Any CPU
		{ECE2100B-9399-4892-9886-238574BD0C5C}.Release|Any CPU.ActiveCfg = Release|Any CPU
		{ECE2100B-9399-4892-9886-238574BD0C5C}.Release|Any CPU.Build.0 = Release|Any CPU
		{E41A8BB2-E918-4EF4-8A50-01CF0865EEA8}.Debug|Any CPU.ActiveCfg = Debug|Any CPU
		{E41A8BB2-E918-4EF4-8A50-01CF0865EEA8}.Debug|Any CPU.Build.0 = Debug|Any CPU
		{E41A8BB2-E918-4EF4-8A50-01CF0865EEA8}.Release|Any CPU.ActiveCfg = Release|Any CPU
		{E41A8BB2-E918-4EF4-8A50-01CF0865EEA8}.Release|Any CPU.Build.0 = Release|Any CPU
		{DB7EB467-9176-48F3-8C62-2979537E45E1}.Debug|Any CPU.ActiveCfg = Debug|Any CPU
		{DB7EB467-9176-48F3-8C62-2979537E45E1}.Debug|Any CPU.Build.0 = Debug|Any CPU
		{DB7EB467-9176-48F3-8C62-2979537E45E1}.Release|Any CPU.ActiveCfg = Release|Any CPU
		{DB7EB467-9176-48F3-8C62-2979537E45E1}.Release|Any CPU.Build.0 = Release|Any CPU
		{F00266AD-8434-452C-8639-E5BB2808AB55}.Debug|Any CPU.ActiveCfg = Debug|Any CPU
		{F00266AD-8434-452C-8639-E5BB2808AB55}.Debug|Any CPU.Build.0 = Debug|Any CPU
		{F00266AD-8434-452C-8639-E5BB2808AB55}.Release|Any CPU.ActiveCfg = Release|Any CPU
		{F00266AD-8434-452C-8639-E5BB2808AB55}.Release|Any CPU.Build.0 = Release|Any CPU
		{A00D368E-7BF9-4F0D-8F95-F05194B14394}.Debug|Any CPU.ActiveCfg = Debug|Any CPU
		{A00D368E-7BF9-4F0D-8F95-F05194B14394}.Debug|Any CPU.Build.0 = Debug|Any CPU
		{A00D368E-7BF9-4F0D-8F95-F05194B14394}.Release|Any CPU.ActiveCfg = Release|Any CPU
		{A00D368E-7BF9-4F0D-8F95-F05194B14394}.Release|Any CPU.Build.0 = Release|Any CPU
		{D5093FAB-D5CC-44DA-BA17-CBB890B1A3B4}.Debug|Any CPU.ActiveCfg = Debug|Any CPU
		{D5093FAB-D5CC-44DA-BA17-CBB890B1A3B4}.Debug|Any CPU.Build.0 = Debug|Any CPU
		{D5093FAB-D5CC-44DA-BA17-CBB890B1A3B4}.Release|Any CPU.ActiveCfg = Release|Any CPU
		{D5093FAB-D5CC-44DA-BA17-CBB890B1A3B4}.Release|Any CPU.Build.0 = Release|Any CPU
		{744EE7EB-2200-4C0A-BB7C-D9904E581173}.Debug|Any CPU.ActiveCfg = Debug|Any CPU
		{744EE7EB-2200-4C0A-BB7C-D9904E581173}.Debug|Any CPU.Build.0 = Debug|Any CPU
		{744EE7EB-2200-4C0A-BB7C-D9904E581173}.Release|Any CPU.ActiveCfg = Release|Any CPU
		{744EE7EB-2200-4C0A-BB7C-D9904E581173}.Release|Any CPU.Build.0 = Release|Any CPU
		{6C97AE69-8639-4689-AA80-0DD520056CCB}.Debug|Any CPU.ActiveCfg = Debug|Any CPU
		{6C97AE69-8639-4689-AA80-0DD520056CCB}.Debug|Any CPU.Build.0 = Debug|Any CPU
		{6C97AE69-8639-4689-AA80-0DD520056CCB}.Release|Any CPU.ActiveCfg = Release|Any CPU
		{6C97AE69-8639-4689-AA80-0DD520056CCB}.Release|Any CPU.Build.0 = Release|Any CPU
		{0B9BEB59-F501-41A6-9C8F-9113C1091558}.Debug|Any CPU.ActiveCfg = Debug|Any CPU
		{0B9BEB59-F501-41A6-9C8F-9113C1091558}.Debug|Any CPU.Build.0 = Debug|Any CPU
		{0B9BEB59-F501-41A6-9C8F-9113C1091558}.Release|Any CPU.ActiveCfg = Release|Any CPU
		{0B9BEB59-F501-41A6-9C8F-9113C1091558}.Release|Any CPU.Build.0 = Release|Any CPU
		{4FEB7DDD-755C-4074-8617-149F30FDC4C3}.Debug|Any CPU.ActiveCfg = Debug|Any CPU
		{4FEB7DDD-755C-4074-8617-149F30FDC4C3}.Debug|Any CPU.Build.0 = Debug|Any CPU
		{4FEB7DDD-755C-4074-8617-149F30FDC4C3}.Release|Any CPU.ActiveCfg = Release|Any CPU
		{4FEB7DDD-755C-4074-8617-149F30FDC4C3}.Release|Any CPU.Build.0 = Release|Any CPU
		{5E2949D1-8969-4F05-BADB-AD6E5E6EB4B8}.Debug|Any CPU.ActiveCfg = Debug|Any CPU
		{5E2949D1-8969-4F05-BADB-AD6E5E6EB4B8}.Debug|Any CPU.Build.0 = Debug|Any CPU
		{5E2949D1-8969-4F05-BADB-AD6E5E6EB4B8}.Release|Any CPU.ActiveCfg = Release|Any CPU
		{5E2949D1-8969-4F05-BADB-AD6E5E6EB4B8}.Release|Any CPU.Build.0 = Release|Any CPU
		{B36CF15A-E9AC-4E10-B65D-74AE083D9DB6}.Debug|Any CPU.ActiveCfg = Debug|Any CPU
		{B36CF15A-E9AC-4E10-B65D-74AE083D9DB6}.Debug|Any CPU.Build.0 = Debug|Any CPU
		{B36CF15A-E9AC-4E10-B65D-74AE083D9DB6}.Release|Any CPU.ActiveCfg = Release|Any CPU
		{B36CF15A-E9AC-4E10-B65D-74AE083D9DB6}.Release|Any CPU.Build.0 = Release|Any CPU
		{D57501E2-5AE1-4556-A5F3-18CA569ADF8E}.Debug|Any CPU.ActiveCfg = Debug|Any CPU
		{D57501E2-5AE1-4556-A5F3-18CA569ADF8E}.Debug|Any CPU.Build.0 = Debug|Any CPU
		{D57501E2-5AE1-4556-A5F3-18CA569ADF8E}.Release|Any CPU.ActiveCfg = Release|Any CPU
		{D57501E2-5AE1-4556-A5F3-18CA569ADF8E}.Release|Any CPU.Build.0 = Release|Any CPU
		{D33B5A24-A4C9-4C7B-83B5-1EEF1311964E}.Debug|Any CPU.ActiveCfg = Debug|Any CPU
		{D33B5A24-A4C9-4C7B-83B5-1EEF1311964E}.Debug|Any CPU.Build.0 = Debug|Any CPU
		{D33B5A24-A4C9-4C7B-83B5-1EEF1311964E}.Release|Any CPU.ActiveCfg = Release|Any CPU
		{D33B5A24-A4C9-4C7B-83B5-1EEF1311964E}.Release|Any CPU.Build.0 = Release|Any CPU
		{22752DFB-961A-4178-86D1-A8B4829B7BED}.Debug|Any CPU.ActiveCfg = Debug|Any CPU
		{22752DFB-961A-4178-86D1-A8B4829B7BED}.Debug|Any CPU.Build.0 = Debug|Any CPU
		{22752DFB-961A-4178-86D1-A8B4829B7BED}.Release|Any CPU.ActiveCfg = Release|Any CPU
		{22752DFB-961A-4178-86D1-A8B4829B7BED}.Release|Any CPU.Build.0 = Release|Any CPU
		{FFFD8C43-BA14-4375-862E-8F2318A89A1F}.Debug|Any CPU.ActiveCfg = Debug|Any CPU
		{FFFD8C43-BA14-4375-862E-8F2318A89A1F}.Debug|Any CPU.Build.0 = Debug|Any CPU
		{FFFD8C43-BA14-4375-862E-8F2318A89A1F}.Release|Any CPU.ActiveCfg = Release|Any CPU
		{FFFD8C43-BA14-4375-862E-8F2318A89A1F}.Release|Any CPU.Build.0 = Release|Any CPU
	EndGlobalSection
	GlobalSection(SolutionProperties) = preSolution
		HideSolutionNode = FALSE
	EndGlobalSection
	GlobalSection(NestedProjects) = preSolution
		{E7AF81B4-8824-4023-A387-0531CA3FBEBB} = {05009F6B-F34C-495C-B241-075C8881D410}
		{628233C8-FC0B-49FB-A369-BC68ED92E5DE} = {05009F6B-F34C-495C-B241-075C8881D410}
		{82E8F2E8-B19B-4712-90CA-487517E68758} = {E7AF81B4-8824-4023-A387-0531CA3FBEBB}
		{85FFB75B-2698-45E1-9DB0-492049323883} = {7EDC57F9-CC47-40E6-8D03-AC5D4F1E486A}
		{5045CD7E-1062-499A-9445-FBCF8D1D3E7A} = {85FFB75B-2698-45E1-9DB0-492049323883}
		{F9397219-07AC-4A64-B52C-C3227B9D52F7} = {628233C8-FC0B-49FB-A369-BC68ED92E5DE}
		{20F9D847-70FB-49C6-A2C9-8C5D7ED667B3} = {628233C8-FC0B-49FB-A369-BC68ED92E5DE}
		{BD66FCDC-4C98-46D5-A5D2-038813F99252} = {7EDC57F9-CC47-40E6-8D03-AC5D4F1E486A}
		{43201143-B6A2-48F1-B622-05E8BE7B4E36} = {BD66FCDC-4C98-46D5-A5D2-038813F99252}
		{C21F1194-E369-41D7-9FC8-BF8A24B9F2CE} = {BF723B5E-B8EF-4DC5-AC4C-000F8BEBE160}
		{398D3A36-D7D1-4857-9105-67970D192533} = {C21F1194-E369-41D7-9FC8-BF8A24B9F2CE}
		{1CD795A8-56D3-4C2E-BFD3-BE4943142AAB} = {99C7E8CB-3A15-4B0D-B204-75ECC6BE6173}
		{9EDA4B18-C39F-48B5-B547-F667A81FF2F9} = {1CD795A8-56D3-4C2E-BFD3-BE4943142AAB}
		{192E9F49-25BC-4BD9-9A98-1ADF2BFB83FD} = {5C1815F8-E798-483C-92B5-C8717E8898C0}
		{05F1ADD3-91C9-4DDD-BDC6-D36EC979D329} = {192E9F49-25BC-4BD9-9A98-1ADF2BFB83FD}
		{D5A71141-8130-4F1E-95B1-F413AE6B7D81} = {99C7E8CB-3A15-4B0D-B204-75ECC6BE6173}
		{72FC40AA-EDCB-4873-9890-9E409D9D3841} = {D5A71141-8130-4F1E-95B1-F413AE6B7D81}
		{C199C630-ABB3-4C8C-B16E-47196FDCCD60} = {BF723B5E-B8EF-4DC5-AC4C-000F8BEBE160}
		{C6FD465D-6078-4AC5-BBB4-2234DCB84BAB} = {C199C630-ABB3-4C8C-B16E-47196FDCCD60}
		{A32CBDBC-3F39-40DE-B9CC-951DD3DDBF7D} = {C199C630-ABB3-4C8C-B16E-47196FDCCD60}
		{8027AC0C-2528-4F4D-905D-1FA8773AAD94} = {85D59713-5E3B-42C6-8B78-381D499E5495}
		{335BCC6F-F14A-4602-913E-FA218D2966B0} = {8027AC0C-2528-4F4D-905D-1FA8773AAD94}
		{A03DA24C-663D-4F42-A70C-51758139E25E} = {341551A1-4C7C-4C98-9148-1CDEC00BA823}
		{DE5013AE-9A2E-43BE-91C3-F3008B468435} = {A03DA24C-663D-4F42-A70C-51758139E25E}
		{4D418EC7-748A-4B8F-B70A-3CBF903353D3} = {A03DA24C-663D-4F42-A70C-51758139E25E}
		{C952130F-09D0-455E-A634-7A57E69027BD} = {809E7E25-207B-47FC-AD86-524BFD29FFB2}
		{19EA435A-831A-4139-9BD5-D4CD59209E90} = {C952130F-09D0-455E-A634-7A57E69027BD}
		{FE581600-2AEB-40E7-992E-981100FA4EF9} = {85D59713-5E3B-42C6-8B78-381D499E5495}
		{F81E7432-6410-4A98-ACE9-08A1A863262E} = {FE581600-2AEB-40E7-992E-981100FA4EF9}
		{B3562191-59E6-4EBA-8EE2-A0365FA1B05D} = {C952130F-09D0-455E-A634-7A57E69027BD}
		{A822BF4D-C099-4C50-8E05-9E3C743A2275} = {327FCF69-0CD6-4395-9B87-FB4E9ED4E87F}
		{71B7A53D-42BE-4FDF-8248-DF4B3B22A96C} = {A822BF4D-C099-4C50-8E05-9E3C743A2275}
		{B9EA08F3-3C04-45F9-82BC-078176D1AE04} = {809E7E25-207B-47FC-AD86-524BFD29FFB2}
		{D174A9EF-83FC-43EE-8269-01B148123353} = {B9EA08F3-3C04-45F9-82BC-078176D1AE04}
		{9D13287A-DEE9-42F4-8324-90DE19D76619} = {327FCF69-0CD6-4395-9B87-FB4E9ED4E87F}
		{74B440ED-60EC-405D-A305-F78230AB28D6} = {9D13287A-DEE9-42F4-8324-90DE19D76619}
		{827DC999-36C2-4B72-9F81-904ED945FE13} = {FD1B8E90-E1FE-40E5-B42B-B78716C23F63}
		{6E17305C-A41A-4427-986F-83760EFFC4AB} = {827DC999-36C2-4B72-9F81-904ED945FE13}
		{344BEABD-F493-4434-AFC4-2059737AA12B} = {677CAFFF-B29C-4BE6-8600-DCE9EB096D47}
		{0CD190A9-6982-488C-8F0A-BC668D9C6D65} = {344BEABD-F493-4434-AFC4-2059737AA12B}
		{34866B69-DEE6-4057-82A9-0601A1E8EAA7} = {E9D6FF54-5D20-4FB2-9B78-98ED5D16A562}
		{2725F92F-E0B7-4225-ADA4-835A4906C0EB} = {344BEABD-F493-4434-AFC4-2059737AA12B}
		{C2BC2D93-0C95-4B09-9C3B-AB8A25D76B39} = {6508B2B1-6EF5-44E2-8834-BA9D944A50E4}
		{46CF9307-C85C-42B4-AC04-5FE5634B948D} = {6688A9F9-F0D2-4C34-A887-70FAF5438F92}
		{28BE3F44-1088-48F9-A9AE-CE6C5C3E449B} = {46CF9307-C85C-42B4-AC04-5FE5634B948D}
		{82131143-675B-43ED-B57A-8DE948A9A778} = {6688A9F9-F0D2-4C34-A887-70FAF5438F92}
		{5C067874-9F6B-4977-AF04-86B1C0A86885} = {82131143-675B-43ED-B57A-8DE948A9A778}
		{7965CCD6-9ECA-47BC-8E96-00F3D713384C} = {5022DC44-FAF0-44A6-95BC-2C7E2961857B}
		{151EC409-B4A2-4508-AB65-865DC613D0AD} = {7965CCD6-9ECA-47BC-8E96-00F3D713384C}
		{FFF978F2-CB79-4A2D-9EA7-855966F98B6B} = {C9CC821C-99B1-496E-A5BE-4291E8C689F8}
		{15065381-E589-496E-9632-75E26D2A1905} = {FFF978F2-CB79-4A2D-9EA7-855966F98B6B}
		{DD642005-C8DC-456B-8D6D-28DE64DD1728} = {34866B69-DEE6-4057-82A9-0601A1E8EAA7}
		{F25B69A9-E8A6-4F2E-ACA2-9D1C93681054} = {C2BC2D93-0C95-4B09-9C3B-AB8A25D76B39}
		{CE4EFB29-D868-4A57-A32E-FE4238C3C6B4} = {13D6E748-7449-496B-8D76-DFA31BA3177C}
		{E18224F7-4F02-425C-8C55-61D18D11400C} = {8F0643EB-23CB-4E9D-B3CB-783FC3D74BE3}
		{DBFD4F0B-27FB-401B-A366-08602E92C264} = {F245D22E-8974-4E21-8FBB-191B59308ED9}
		{D2208476-FE08-431F-8D6A-8992BE09F6FA} = {E18224F7-4F02-425C-8C55-61D18D11400C}
		{DBADE258-9555-441A-9A1E-B6E083C93878} = {7AD09527-C2B6-4C5B-BCBD-165232CCE66B}
		{ECE2100B-9399-4892-9886-238574BD0C5C} = {DBADE258-9555-441A-9A1E-B6E083C93878}
		{E41A8BB2-E918-4EF4-8A50-01CF0865EEA8} = {CE4EFB29-D868-4A57-A32E-FE4238C3C6B4}
		{E373196D-E67C-4764-97DB-951364CA79A4} = {F7CB0FAB-DE7D-4FF7-BCA3-4337B94A8943}
		{A60BD5EA-320B-4005-8414-FC4FFFF55945} = {28A65155-C7D0-4382-9A8B-0E57F17C8C93}
		{DB7EB467-9176-48F3-8C62-2979537E45E1} = {A60BD5EA-320B-4005-8414-FC4FFFF55945}
		{A4BB968A-2567-4A88-A988-89646C23C448} = {14AA11DC-9B77-4B17-9F5F-BAE8C51B3091}
		{7873E26D-5FB5-499E-B38B-ECC84B594C9C} = {14AA11DC-9B77-4B17-9F5F-BAE8C51B3091}
		{F00266AD-8434-452C-8639-E5BB2808AB55} = {A4BB968A-2567-4A88-A988-89646C23C448}
		{0493522B-8EF5-4E34-9E33-A3473A292CA7} = {FDDABEAA-7C49-4F52-8A28-5977F2EBE167}
		{A00D368E-7BF9-4F0D-8F95-F05194B14394} = {0493522B-8EF5-4E34-9E33-A3473A292CA7}
		{D5093FAB-D5CC-44DA-BA17-CBB890B1A3B4} = {0493522B-8EF5-4E34-9E33-A3473A292CA7}
		{AFEA53D1-7808-4FDC-AAD1-805016A9FD95} = {FDDABEAA-7C49-4F52-8A28-5977F2EBE167}
		{744EE7EB-2200-4C0A-BB7C-D9904E581173} = {AFEA53D1-7808-4FDC-AAD1-805016A9FD95}
		{F81B013B-6BAD-46EB-8CCB-061A9E5ED24C} = {F7CB0FAB-DE7D-4FF7-BCA3-4337B94A8943}
		{6C97AE69-8639-4689-AA80-0DD520056CCB} = {F81B013B-6BAD-46EB-8CCB-061A9E5ED24C}
		{7DEAD031-7E0B-4B35-86F5-A0EB47519EFF} = {6FD365B8-8518-43AA-8F9F-3B36105F9265}
		{0B9BEB59-F501-41A6-9C8F-9113C1091558} = {7DEAD031-7E0B-4B35-86F5-A0EB47519EFF}
		{4FEB7DDD-755C-4074-8617-149F30FDC4C3} = {7DEAD031-7E0B-4B35-86F5-A0EB47519EFF}
		{1283933E-6DB2-4D56-81E2-07825F8B2FC9} = {318803DF-6978-46E9-A139-BB14E806B855}
		{F10E951C-AAE2-4CEA-BB14-120C08036ADD} = {1283933E-6DB2-4D56-81E2-07825F8B2FC9}
		{5E2949D1-8969-4F05-BADB-AD6E5E6EB4B8} = {F10E951C-AAE2-4CEA-BB14-120C08036ADD}
		{B36CF15A-E9AC-4E10-B65D-74AE083D9DB6} = {F10E951C-AAE2-4CEA-BB14-120C08036ADD}
		{D57501E2-5AE1-4556-A5F3-18CA569ADF8E} = {F10E951C-AAE2-4CEA-BB14-120C08036ADD}
		{D33B5A24-A4C9-4C7B-83B5-1EEF1311964E} = {F10E951C-AAE2-4CEA-BB14-120C08036ADD}
		{22752DFB-961A-4178-86D1-A8B4829B7BED} = {F10E951C-AAE2-4CEA-BB14-120C08036ADD}
		{78B0FB4B-7077-4EC5-AEA9-954023E1727C} = {6FD365B8-8518-43AA-8F9F-3B36105F9265}
		{FFFD8C43-BA14-4375-862E-8F2318A89A1F} = {78B0FB4B-7077-4EC5-AEA9-954023E1727C}
	EndGlobalSection
	GlobalSection(ExtensibilityGlobals) = postSolution
		SolutionGuid = {E5B49F59-9A57-4E3A-ABF8-A5D069E00F21}
	EndGlobalSection
EndGlobal
