
Microsoft Visual Studio Solution File, Format Version 12.00
# Visual Studio Version 17
VisualStudioVersion = 17.7.34003.232
MinimumVisualStudioVersion = 10.0.40219.1
Project("{2150E333-8FDC-42A3-9474-1A3956D46DE8}") = "N36", "N36", "{05009F6B-F34C-495C-B241-075C8881D410}"
EndProject
Project("{2150E333-8FDC-42A3-9474-1A3956D46DE8}") = "Tasks", "Tasks", "{E7AF81B4-8824-4023-A387-0531CA3FBEBB}"
EndProject
Project("{2150E333-8FDC-42A3-9474-1A3956D46DE8}") = "HomeTasks", "HomeTasks", "{628233C8-FC0B-49FB-A369-BC68ED92E5DE}"
EndProject
Project("{9A19103F-16F7-4668-BE54-9A1E7A4F7556}") = "N36Task1", "N36Task1\N36Task1.csproj", "{82E8F2E8-B19B-4712-90CA-487517E68758}"
EndProject
Project("{2150E333-8FDC-42A3-9474-1A3956D46DE8}") = "N37", "N37", "{7EDC57F9-CC47-40E6-8D03-AC5D4F1E486A}"
EndProject
Project("{2150E333-8FDC-42A3-9474-1A3956D46DE8}") = "Tasks", "Tasks", "{85FFB75B-2698-45E1-9DB0-492049323883}"
EndProject
Project("{9A19103F-16F7-4668-BE54-9A1E7A4F7556}") = "N37Task1", "N37Task1\N37Task1.csproj", "{5045CD7E-1062-499A-9445-FBCF8D1D3E7A}"
EndProject
Project("{9A19103F-16F7-4668-BE54-9A1E7A4F7556}") = "N36HomeTask1", "N36HomeTask1\N36HomeTask1.csproj", "{F9397219-07AC-4A64-B52C-C3227B9D52F7}"
EndProject
Project("{9A19103F-16F7-4668-BE54-9A1E7A4F7556}") = "N36HomeTask2", "N36HomeTask2\N36HomeTask2.csproj", "{20F9D847-70FB-49C6-A2C9-8C5D7ED667B3}"
EndProject
Project("{2150E333-8FDC-42A3-9474-1A3956D46DE8}") = "HomeTasks", "HomeTasks", "{BD66FCDC-4C98-46D5-A5D2-038813F99252}"
EndProject
Project("{9A19103F-16F7-4668-BE54-9A1E7A4F7556}") = "N37Home1", "N37Home1\N37Home1.csproj", "{43201143-B6A2-48F1-B622-05E8BE7B4E36}"
EndProject
Project("{2150E333-8FDC-42A3-9474-1A3956D46DE8}") = "N38", "N38", "{BF723B5E-B8EF-4DC5-AC4C-000F8BEBE160}"
EndProject
Project("{2150E333-8FDC-42A3-9474-1A3956D46DE8}") = "Tasks", "Tasks", "{C21F1194-E369-41D7-9FC8-BF8A24B9F2CE}"
EndProject
Project("{FAE04EC0-301F-11D3-BF4B-00C04F79EFBC}") = "N38Task1", "N38Task1\N38Task1.csproj", "{398D3A36-D7D1-4857-9105-67970D192533}"
EndProject
Global
	GlobalSection(SolutionConfigurationPlatforms) = preSolution
		Debug|Any CPU = Debug|Any CPU
		Release|Any CPU = Release|Any CPU
	EndGlobalSection
	GlobalSection(ProjectConfigurationPlatforms) = postSolution
		{82E8F2E8-B19B-4712-90CA-487517E68758}.Debug|Any CPU.ActiveCfg = Debug|Any CPU
		{82E8F2E8-B19B-4712-90CA-487517E68758}.Debug|Any CPU.Build.0 = Debug|Any CPU
		{82E8F2E8-B19B-4712-90CA-487517E68758}.Release|Any CPU.ActiveCfg = Release|Any CPU
		{82E8F2E8-B19B-4712-90CA-487517E68758}.Release|Any CPU.Build.0 = Release|Any CPU
		{5045CD7E-1062-499A-9445-FBCF8D1D3E7A}.Debug|Any CPU.ActiveCfg = Debug|Any CPU
		{5045CD7E-1062-499A-9445-FBCF8D1D3E7A}.Debug|Any CPU.Build.0 = Debug|Any CPU
		{5045CD7E-1062-499A-9445-FBCF8D1D3E7A}.Release|Any CPU.ActiveCfg = Release|Any CPU
		{5045CD7E-1062-499A-9445-FBCF8D1D3E7A}.Release|Any CPU.Build.0 = Release|Any CPU
		{F9397219-07AC-4A64-B52C-C3227B9D52F7}.Debug|Any CPU.ActiveCfg = Debug|Any CPU
		{F9397219-07AC-4A64-B52C-C3227B9D52F7}.Debug|Any CPU.Build.0 = Debug|Any CPU
		{F9397219-07AC-4A64-B52C-C3227B9D52F7}.Release|Any CPU.ActiveCfg = Release|Any CPU
		{F9397219-07AC-4A64-B52C-C3227B9D52F7}.Release|Any CPU.Build.0 = Release|Any CPU
		{20F9D847-70FB-49C6-A2C9-8C5D7ED667B3}.Debug|Any CPU.ActiveCfg = Debug|Any CPU
		{20F9D847-70FB-49C6-A2C9-8C5D7ED667B3}.Debug|Any CPU.Build.0 = Debug|Any CPU
		{20F9D847-70FB-49C6-A2C9-8C5D7ED667B3}.Release|Any CPU.ActiveCfg = Release|Any CPU
		{20F9D847-70FB-49C6-A2C9-8C5D7ED667B3}.Release|Any CPU.Build.0 = Release|Any CPU
		{43201143-B6A2-48F1-B622-05E8BE7B4E36}.Debug|Any CPU.ActiveCfg = Debug|Any CPU
		{43201143-B6A2-48F1-B622-05E8BE7B4E36}.Debug|Any CPU.Build.0 = Debug|Any CPU
		{43201143-B6A2-48F1-B622-05E8BE7B4E36}.Release|Any CPU.ActiveCfg = Release|Any CPU
		{43201143-B6A2-48F1-B622-05E8BE7B4E36}.Release|Any CPU.Build.0 = Release|Any CPU
		{398D3A36-D7D1-4857-9105-67970D192533}.Debug|Any CPU.ActiveCfg = Debug|Any CPU
		{398D3A36-D7D1-4857-9105-67970D192533}.Debug|Any CPU.Build.0 = Debug|Any CPU
		{398D3A36-D7D1-4857-9105-67970D192533}.Release|Any CPU.ActiveCfg = Release|Any CPU
		{398D3A36-D7D1-4857-9105-67970D192533}.Release|Any CPU.Build.0 = Release|Any CPU
	EndGlobalSection
	GlobalSection(SolutionProperties) = preSolution
		HideSolutionNode = FALSE
	EndGlobalSection
	GlobalSection(NestedProjects) = preSolution
		{E7AF81B4-8824-4023-A387-0531CA3FBEBB} = {05009F6B-F34C-495C-B241-075C8881D410}
		{628233C8-FC0B-49FB-A369-BC68ED92E5DE} = {05009F6B-F34C-495C-B241-075C8881D410}
		{82E8F2E8-B19B-4712-90CA-487517E68758} = {E7AF81B4-8824-4023-A387-0531CA3FBEBB}
		{85FFB75B-2698-45E1-9DB0-492049323883} = {7EDC57F9-CC47-40E6-8D03-AC5D4F1E486A}
		{5045CD7E-1062-499A-9445-FBCF8D1D3E7A} = {85FFB75B-2698-45E1-9DB0-492049323883}
		{F9397219-07AC-4A64-B52C-C3227B9D52F7} = {628233C8-FC0B-49FB-A369-BC68ED92E5DE}
		{20F9D847-70FB-49C6-A2C9-8C5D7ED667B3} = {628233C8-FC0B-49FB-A369-BC68ED92E5DE}
		{BD66FCDC-4C98-46D5-A5D2-038813F99252} = {7EDC57F9-CC47-40E6-8D03-AC5D4F1E486A}
		{43201143-B6A2-48F1-B622-05E8BE7B4E36} = {BD66FCDC-4C98-46D5-A5D2-038813F99252}
		{C21F1194-E369-41D7-9FC8-BF8A24B9F2CE} = {BF723B5E-B8EF-4DC5-AC4C-000F8BEBE160}
		{398D3A36-D7D1-4857-9105-67970D192533} = {C21F1194-E369-41D7-9FC8-BF8A24B9F2CE}
	EndGlobalSection
	GlobalSection(ExtensibilityGlobals) = postSolution
		SolutionGuid = {E5B49F59-9A57-4E3A-ABF8-A5D069E00F21}
	EndGlobalSection
EndGlobal
